
Microsoft Visual Studio Solution File, Format Version 12.00
# Visual Studio Version 17
VisualStudioVersion = 17.6.33815.320
MinimumVisualStudioVersion = 10.0.40219.1
Project("{FAE04EC0-301F-11D3-BF4B-00C04F79EFBC}") = "ContactInfo", "ContactInfo\ContactInfo.csproj", "{B5DC12D8-DB5C-4312-A144-7DD08DF19CDA}"
EndProject
Global
	GlobalSection(SolutionConfigurationPlatforms) = preSolution
		Debug|Any CPU = Debug|Any CPU
		Release|Any CPU = Release|Any CPU
	EndGlobalSection
	GlobalSection(ProjectConfigurationPlatforms) = postSolution
		{B5DC12D8-DB5C-4312-A144-7DD08DF19CDA}.Debug|Any CPU.ActiveCfg = Debug|Any CPU
		{B5DC12D8-DB5C-4312-A144-7DD08DF19CDA}.Debug|Any CPU.Build.0 = Debug|Any CPU
		{B5DC12D8-DB5C-4312-A144-7DD08DF19CDA}.Release|Any CPU.ActiveCfg = Release|Any CPU
		{B5DC12D8-DB5C-4312-A144-7DD08DF19CDA}.Release|Any CPU.Build.0 = Release|Any CPU
	EndGlobalSection
	GlobalSection(SolutionProperties) = preSolution
		HideSolutionNode = FALSE
	EndGlobalSection
	GlobalSection(ExtensibilityGlobals) = postSolution
		SolutionGuid = {EB097BDD-A44E-47EB-8066-A9F0C3D08F1A}
	EndGlobalSection
EndGlobal
